{
  "name": "@rsonglab/baijiaxing",
  "version": "1.0.0",
  "lockfileVersion": 1,
  "requires": true,
  "dependencies": {
    "@rsonglab/random-generator": {
      "version": "1.0.0",
      "resolved": "https://registry.npmjs.org/@rsonglab/random-generator/-/random-generator-1.0.0.tgz",
      "integrity": "sha512-4UdGpQC+s9l8a4M9F0WIV+ZrCq7GZSfceevw3SfZlWdVVCwkQsPSMP97GIcwyo8RY7YEwUQwYJ8Q4Tb+z4DcYw=="
    }
  }
}
